// !$*UTF8*$!
{
	archiveVersion = 1;
	classes = {
	};
	objectVersion = 46;
	objects = {

/* Begin PBXBuildFile section */
		8E315F611B263A0B00FB761E /* MonolithPluginName.h in Headers */ = {isa = PBXBuildFile; fileRef = 8E315F5F1B263A0B00FB761E /* MonolithPluginName.h */; };
		8E315F621B263A0B00FB761E /* MonolithPluginName.m in Sources */ = {isa = PBXBuildFile; fileRef = 8E315F601B263A0B00FB761E /* MonolithPluginName.m */; };
		8E63FD601AF0394C00B2E569 /* TWEView.h in Headers */ = {isa = PBXBuildFile; fileRef = 8E63FD5E1AF0394C00B2E569 /* TWEView.h */; };
		8E63FD611AF0394C00B2E569 /* TWEView.m in Sources */ = {isa = PBXBuildFile; fileRef = 8E63FD5F1AF0394C00B2E569 /* TWEView.m */; };
		FA59B6901C6C3DE30041420C /* Monolith.framework in Frameworks */ = {isa = PBXBuildFile; fileRef = FA59B68F1C6C3DE30041420C /* Monolith.framework */; };
		FA6F102B1C6E5C76002FB5E8 /* main.m in Sources */ = {isa = PBXBuildFile; fileRef = FA6F102A1C6E5C76002FB5E8 /* main.m */; };
		FA6F102E1C6E5C76002FB5E8 /* AppDelegate.m in Sources */ = {isa = PBXBuildFile; fileRef = FA6F102D1C6E5C76002FB5E8 /* AppDelegate.m */; };
		FA6F10311C6E5C76002FB5E8 /* ViewController.m in Sources */ = {isa = PBXBuildFile; fileRef = FA6F10301C6E5C76002FB5E8 /* ViewController.m */; };
		FA6F10341C6E5C76002FB5E8 /* Main.storyboard in Resources */ = {isa = PBXBuildFile; fileRef = FA6F10321C6E5C76002FB5E8 /* Main.storyboard */; };
		FA6F10361C6E5C76002FB5E8 /* Assets.xcassets in Resources */ = {isa = PBXBuildFile; fileRef = FA6F10351C6E5C76002FB5E8 /* Assets.xcassets */; };
		FA6F10391C6E5C76002FB5E8 /* LaunchScreen.storyboard in Resources */ = {isa = PBXBuildFile; fileRef = FA6F10371C6E5C76002FB5E8 /* LaunchScreen.storyboard */; };
		FA6F103F1C6E5CAB002FB5E8 /* Monolith.framework in Frameworks */ = {isa = PBXBuildFile; fileRef = FA59B68F1C6C3DE30041420C /* Monolith.framework */; };
		FA6F10401C6E5CAB002FB5E8 /* Monolith.framework in Embed Frameworks */ = {isa = PBXBuildFile; fileRef = FA59B68F1C6C3DE30041420C /* Monolith.framework */; settings = {ATTRIBUTES = (CodeSignOnCopy, RemoveHeadersOnCopy, ); }; };
		FA78925E1CABA80F000B0645 /* SlideToUnlockText.h in Headers */ = {isa = PBXBuildFile; fileRef = FA78925C1CABA80F000B0645 /* SlideToUnlockText.h */; };
		FA78925F1CABA80F000B0645 /* SlideToUnlockText.m in Sources */ = {isa = PBXBuildFile; fileRef = FA78925D1CABA80F000B0645 /* SlideToUnlockText.m */; };
/* End PBXBuildFile section */

/* Begin PBXContainerItemProxy section */
		FA6F10431C6E5CAB002FB5E8 /* PBXContainerItemProxy */ = {
			isa = PBXContainerItemProxy;
			containerPortal = 8E63FD361AF038A500B2E569 /* Project object */;
			proxyType = 1;
			remoteGlobalIDString = 8E63FD3E1AF038A500B2E569;
			remoteInfo = Tweak;
		};
/* End PBXContainerItemProxy section */

/* Begin PBXCopyFilesBuildPhase section */
		FA6F10451C6E5CAB002FB5E8 /* Embed Frameworks */ = {
			isa = PBXCopyFilesBuildPhase;
			buildActionMask = 2147483647;
			dstPath = "";
			dstSubfolderSpec = 10;
			files = (
				FA6F10401C6E5CAB002FB5E8 /* Monolith.framework in Embed Frameworks */,
			);
			name = "Embed Frameworks";
			runOnlyForDeploymentPostprocessing = 0;
		};
/* End PBXCopyFilesBuildPhase section */

/* Begin PBXFileReference section */
		8E315F5F1B263A0B00FB761E /* MonolithPluginName.h */ = {isa = PBXFileReference; fileEncoding = 4; lastKnownFileType = sourcecode.c.h; path = MonolithPluginName.h; sourceTree = "<group>"; };
		8E315F601B263A0B00FB761E /* MonolithPluginName.m */ = {isa = PBXFileReference; fileEncoding = 4; lastKnownFileType = sourcecode.c.objc; path = MonolithPluginName.m; sourceTree = "<group>"; };
		8E315F641B263A6300FB761E /* Prefix.pch */ = {isa = PBXFileReference; lastKnownFileType = sourcecode.c.h; path = Prefix.pch; sourceTree = "<group>"; };
		8E63FD3F1AF038A500B2E569 /* Monolith Tweak.framework */ = {isa = PBXFileReference; explicitFileType = wrapper.framework; includeInIndex = 0; path = "Monolith Tweak.framework"; sourceTree = BUILT_PRODUCTS_DIR; };
		8E63FD5E1AF0394C00B2E569 /* TWEView.h */ = {isa = PBXFileReference; fileEncoding = 4; lastKnownFileType = sourcecode.c.h; path = TWEView.h; sourceTree = "<group>"; };
		8E63FD5F1AF0394C00B2E569 /* TWEView.m */ = {isa = PBXFileReference; fileEncoding = 4; lastKnownFileType = sourcecode.c.objc; path = TWEView.m; sourceTree = "<group>"; };
		FA59B68F1C6C3DE30041420C /* Monolith.framework */ = {isa = PBXFileReference; lastKnownFileType = wrapper.framework; path = Monolith.framework; sourceTree = "<group>"; };
		FA59B6921C6C3F2D0041420C /* Info.plist */ = {isa = PBXFileReference; fileEncoding = 4; lastKnownFileType = text.plist.xml; path = Info.plist; sourceTree = "<group>"; };
		FA6F10271C6E5C76002FB5E8 /* Target.app */ = {isa = PBXFileReference; explicitFileType = wrapper.application; includeInIndex = 0; path = Target.app; sourceTree = BUILT_PRODUCTS_DIR; };
		FA6F102A1C6E5C76002FB5E8 /* main.m */ = {isa = PBXFileReference; lastKnownFileType = sourcecode.c.objc; path = main.m; sourceTree = "<group>"; };
		FA6F102C1C6E5C76002FB5E8 /* AppDelegate.h */ = {isa = PBXFileReference; lastKnownFileType = sourcecode.c.h; path = AppDelegate.h; sourceTree = "<group>"; };
		FA6F102D1C6E5C76002FB5E8 /* AppDelegate.m */ = {isa = PBXFileReference; lastKnownFileType = sourcecode.c.objc; path = AppDelegate.m; sourceTree = "<group>"; };
		FA6F102F1C6E5C76002FB5E8 /* ViewController.h */ = {isa = PBXFileReference; lastKnownFileType = sourcecode.c.h; path = ViewController.h; sourceTree = "<group>"; };
		FA6F10301C6E5C76002FB5E8 /* ViewController.m */ = {isa = PBXFileReference; lastKnownFileType = sourcecode.c.objc; path = ViewController.m; sourceTree = "<group>"; };
		FA6F10331C6E5C76002FB5E8 /* Base */ = {isa = PBXFileReference; lastKnownFileType = file.storyboard; name = Base; path = Base.lproj/Main.storyboard; sourceTree = "<group>"; };
		FA6F10351C6E5C76002FB5E8 /* Assets.xcassets */ = {isa = PBXFileReference; lastKnownFileType = folder.assetcatalog; path = Assets.xcassets; sourceTree = "<group>"; };
		FA6F10381C6E5C76002FB5E8 /* Base */ = {isa = PBXFileReference; lastKnownFileType = file.storyboard; name = Base; path = Base.lproj/LaunchScreen.storyboard; sourceTree = "<group>"; };
		FA6F103A1C6E5C76002FB5E8 /* Info.plist */ = {isa = PBXFileReference; lastKnownFileType = text.plist.xml; path = Info.plist; sourceTree = "<group>"; };
		FA78925C1CABA80F000B0645 /* SlideToUnlockText.h */ = {isa = PBXFileReference; fileEncoding = 4; lastKnownFileType = sourcecode.c.h; path = SlideToUnlockText.h; sourceTree = "<group>"; };
		FA78925D1CABA80F000B0645 /* SlideToUnlockText.m */ = {isa = PBXFileReference; fileEncoding = 4; lastKnownFileType = sourcecode.c.objc; path = SlideToUnlockText.m; sourceTree = "<group>"; };
/* End PBXFileReference section */

/* Begin PBXFrameworksBuildPhase section */
		8E63FD3B1AF038A500B2E569 /* Frameworks */ = {
			isa = PBXFrameworksBuildPhase;
			buildActionMask = 2147483647;
			files = (
				FA59B6901C6C3DE30041420C /* Monolith.framework in Frameworks */,
			);
			runOnlyForDeploymentPostprocessing = 0;
		};
		FA6F10241C6E5C76002FB5E8 /* Frameworks */ = {
			isa = PBXFrameworksBuildPhase;
			buildActionMask = 2147483647;
			files = (
				FA6F103F1C6E5CAB002FB5E8 /* Monolith.framework in Frameworks */,
			);
			runOnlyForDeploymentPostprocessing = 0;
		};
/* End PBXFrameworksBuildPhase section */

/* Begin PBXGroup section */
		8E315F631B263A0F00FB761E /* Plugin */ = {
			isa = PBXGroup;
			children = (
				8E315F5F1B263A0B00FB761E /* MonolithPluginName.h */,
				8E315F601B263A0B00FB761E /* MonolithPluginName.m */,
			);
			path = Plugin;
			sourceTree = "<group>";
		};
		8E315F651B263B2C00FB761E /* Frameworks */ = {
			isa = PBXGroup;
			children = (
				FA59B68F1C6C3DE30041420C /* Monolith.framework */,
			);
			name = Frameworks;
			sourceTree = "<group>";
		};
		8E63FD351AF038A500B2E569 = {
			isa = PBXGroup;
			children = (
				8E63FD411AF038A500B2E569 /* Source */,
				FA59B6911C6C3F190041420C /* Supporting Files */,
				FA6F10281C6E5C76002FB5E8 /* Target */,
				8E315F651B263B2C00FB761E /* Frameworks */,
				8E63FD401AF038A500B2E569 /* Products */,
			);
			sourceTree = "<group>";
		};
		8E63FD401AF038A500B2E569 /* Products */ = {
			isa = PBXGroup;
			children = (
				8E63FD3F1AF038A500B2E569 /* Monolith Tweak.framework */,
				FA6F10271C6E5C76002FB5E8 /* Target.app */,
			);
			name = Products;
			sourceTree = "<group>";
		};
		8E63FD411AF038A500B2E569 /* Source */ = {
			isa = PBXGroup;
			children = (
				8E315F631B263A0F00FB761E /* Plugin */,
				8E63FD5D1AF0392B00B2E569 /* Hooks */,
				8E315F641B263A6300FB761E /* Prefix.pch */,
			);
			path = Source;
			sourceTree = "<group>";
		};
		8E63FD5D1AF0392B00B2E569 /* Hooks */ = {
			isa = PBXGroup;
			children = (
				FA78925B1CABA7DE000B0645 /* SpringBoard */,
				8E63FD5E1AF0394C00B2E569 /* TWEView.h */,
				8E63FD5F1AF0394C00B2E569 /* TWEView.m */,
			);
			path = Hooks;
			sourceTree = "<group>";
		};
		FA59B6911C6C3F190041420C /* Supporting Files */ = {
			isa = PBXGroup;
			children = (
				FA59B6921C6C3F2D0041420C /* Info.plist */,
			);
			path = "Supporting Files";
			sourceTree = "<group>";
		};
		FA6F10281C6E5C76002FB5E8 /* Target */ = {
			isa = PBXGroup;
			children = (
				FA6F102C1C6E5C76002FB5E8 /* AppDelegate.h */,
				FA6F102D1C6E5C76002FB5E8 /* AppDelegate.m */,
				FA6F102F1C6E5C76002FB5E8 /* ViewController.h */,
				FA6F10301C6E5C76002FB5E8 /* ViewController.m */,
				FA6F10321C6E5C76002FB5E8 /* Main.storyboard */,
				FA6F10351C6E5C76002FB5E8 /* Assets.xcassets */,
				FA6F10371C6E5C76002FB5E8 /* LaunchScreen.storyboard */,
				FA6F103A1C6E5C76002FB5E8 /* Info.plist */,
				FA6F10291C6E5C76002FB5E8 /* Supporting Files */,
			);
			path = Target;
			sourceTree = "<group>";
		};
		FA6F10291C6E5C76002FB5E8 /* Supporting Files */ = {
			isa = PBXGroup;
			children = (
				FA6F102A1C6E5C76002FB5E8 /* main.m */,
			);
			name = "Supporting Files";
			sourceTree = "<group>";
		};
		FA78925B1CABA7DE000B0645 /* SpringBoard */ = {
			isa = PBXGroup;
			children = (
				FA78925C1CABA80F000B0645 /* SlideToUnlockText.h */,
				FA78925D1CABA80F000B0645 /* SlideToUnlockText.m */,
			);
			path = SpringBoard;
			sourceTree = "<group>";
		};
/* End PBXGroup section */

/* Begin PBXHeadersBuildPhase section */
		8E63FD3C1AF038A500B2E569 /* Headers */ = {
			isa = PBXHeadersBuildPhase;
			buildActionMask = 2147483647;
			files = (
				8E63FD601AF0394C00B2E569 /* TWEView.h in Headers */,
				8E315F611B263A0B00FB761E /* MonolithPluginName.h in Headers */,
				FA78925E1CABA80F000B0645 /* SlideToUnlockText.h in Headers */,
			);
			runOnlyForDeploymentPostprocessing = 0;
		};
/* End PBXHeadersBuildPhase section */

/* Begin PBXLegacyTarget section */
		FAD725CF1B1D08230032E880 /* Install Tweak */ = {
			isa = PBXLegacyTarget;
			buildArgumentsString = "$(PROJECT_DIR)/Scripts/build.tweak.rb";
			buildConfigurationList = FAD725D01B1D08230032E880 /* Build configuration list for PBXLegacyTarget "Install Tweak" */;
			buildPhases = (
			);
			buildToolPath = /usr/bin/ruby;
			buildWorkingDirectory = ./;
			dependencies = (
			);
			name = "Install Tweak";
			passBuildSettingsInEnvironment = 1;
			productName = "Install Tweak";
		};
/* End PBXLegacyTarget section */

/* Begin PBXNativeTarget section */
		8E63FD3E1AF038A500B2E569 /* Tweak */ = {
			isa = PBXNativeTarget;
			buildConfigurationList = 8E63FD551AF038A600B2E569 /* Build configuration list for PBXNativeTarget "Tweak" */;
			buildPhases = (
				8E63FD3A1AF038A500B2E569 /* Sources */,
				8E63FD3B1AF038A500B2E569 /* Frameworks */,
				8E63FD3C1AF038A500B2E569 /* Headers */,
				8E63FD3D1AF038A500B2E569 /* Resources */,
				FA59B6971C6C454B0041420C /* ShellScript */,
			);
			buildRules = (
			);
			dependencies = (
			);
			name = Tweak;
			productName = "ObjectiveC Tweak";
			productReference = 8E63FD3F1AF038A500B2E569 /* Monolith Tweak.framework */;
			productType = "com.apple.product-type.framework";
		};
		FA6F10261C6E5C76002FB5E8 /* Target */ = {
			isa = PBXNativeTarget;
			buildConfigurationList = FA6F103B1C6E5C76002FB5E8 /* Build configuration list for PBXNativeTarget "Target" */;
			buildPhases = (
				FA6F10231C6E5C76002FB5E8 /* Sources */,
				FA6F10241C6E5C76002FB5E8 /* Frameworks */,
				FA6F10251C6E5C76002FB5E8 /* Resources */,
				FA6F10451C6E5CAB002FB5E8 /* Embed Frameworks */,
			);
			buildRules = (
			);
			dependencies = (
				FA6F10441C6E5CAB002FB5E8 /* PBXTargetDependency */,
			);
			name = Target;
			productName = Target;
			productReference = FA6F10271C6E5C76002FB5E8 /* Target.app */;
			productType = "com.apple.product-type.application";
		};
/* End PBXNativeTarget section */

/* Begin PBXProject section */
		8E63FD361AF038A500B2E569 /* Project object */ = {
			isa = PBXProject;
			attributes = {
				LastUpgradeCheck = 0730;
				ORGANIZATIONNAME = "John Coates";
				TargetAttributes = {
					8E63FD3E1AF038A500B2E569 = {
						CreatedOnToolsVersion = 6.3.1;
					};
					FA6F10261C6E5C76002FB5E8 = {
						CreatedOnToolsVersion = 7.2.1;
					};
					FAD725CF1B1D08230032E880 = {
						CreatedOnToolsVersion = 6.3;
					};
				};
			};
			buildConfigurationList = 8E63FD391AF038A500B2E569 /* Build configuration list for PBXProject "Monolith Tweak" */;
			compatibilityVersion = "Xcode 3.2";
			developmentRegion = English;
			hasScannedForEncodings = 0;
			knownRegions = (
				en,
				Base,
			);
			mainGroup = 8E63FD351AF038A500B2E569;
			productRefGroup = 8E63FD401AF038A500B2E569 /* Products */;
			projectDirPath = "";
			projectRoot = "";
			targets = (
				FAD725CF1B1D08230032E880 /* Install Tweak */,
				8E63FD3E1AF038A500B2E569 /* Tweak */,
				FA6F10261C6E5C76002FB5E8 /* Target */,
			);
		};
/* End PBXProject section */

/* Begin PBXResourcesBuildPhase section */
		8E63FD3D1AF038A500B2E569 /* Resources */ = {
			isa = PBXResourcesBuildPhase;
			buildActionMask = 2147483647;
			files = (
			);
			runOnlyForDeploymentPostprocessing = 0;
		};
		FA6F10251C6E5C76002FB5E8 /* Resources */ = {
			isa = PBXResourcesBuildPhase;
			buildActionMask = 2147483647;
			files = (
				FA6F10391C6E5C76002FB5E8 /* LaunchScreen.storyboard in Resources */,
				FA6F10361C6E5C76002FB5E8 /* Assets.xcassets in Resources */,
				FA6F10341C6E5C76002FB5E8 /* Main.storyboard in Resources */,
			);
			runOnlyForDeploymentPostprocessing = 0;
		};
/* End PBXResourcesBuildPhase section */

/* Begin PBXShellScriptBuildPhase section */
		FA59B6971C6C454B0041420C /* ShellScript */ = {
			isa = PBXShellScriptBuildPhase;
			buildActionMask = 2147483647;
			files = (
			);
			inputPaths = (
			);
			outputPaths = (
			);
			runOnlyForDeploymentPostprocessing = 0;
			shellPath = /bin/sh;
			shellScript = "# Only copy if simulator build\nif [[ \"${NATIVE_ARCH}\" == \"x86_64\" || \"${NATIVE_ARCH}\" == \"i386\" ]]; then\necho \"Copying simulator tweak to Monolith Plugins Install Path: ~/Library/Monolith/Plugins/${PRODUCT_NAME}.dylib\"\nmkdir -p ~/\"Library/Monolith/Plugins/\"\ncp \"${BUILT_PRODUCTS_DIR}/${EXECUTABLE_PATH}\" ~/\"Library/Monolith/Plugins/${PRODUCT_NAME}.dylib\"\nfi\n";
		};
/* End PBXShellScriptBuildPhase section */

/* Begin PBXSourcesBuildPhase section */
		8E63FD3A1AF038A500B2E569 /* Sources */ = {
			isa = PBXSourcesBuildPhase;
			buildActionMask = 2147483647;
			files = (
				FA78925F1CABA80F000B0645 /* SlideToUnlockText.m in Sources */,
				8E63FD611AF0394C00B2E569 /* TWEView.m in Sources */,
				8E315F621B263A0B00FB761E /* MonolithPluginName.m in Sources */,
			);
			runOnlyForDeploymentPostprocessing = 0;
		};
		FA6F10231C6E5C76002FB5E8 /* Sources */ = {
			isa = PBXSourcesBuildPhase;
			buildActionMask = 2147483647;
			files = (
				FA6F10311C6E5C76002FB5E8 /* ViewController.m in Sources */,
				FA6F102E1C6E5C76002FB5E8 /* AppDelegate.m in Sources */,
				FA6F102B1C6E5C76002FB5E8 /* main.m in Sources */,
			);
			runOnlyForDeploymentPostprocessing = 0;
		};
/* End PBXSourcesBuildPhase section */

/* Begin PBXTargetDependency section */
		FA6F10441C6E5CAB002FB5E8 /* PBXTargetDependency */ = {
			isa = PBXTargetDependency;
			target = 8E63FD3E1AF038A500B2E569 /* Tweak */;
			targetProxy = FA6F10431C6E5CAB002FB5E8 /* PBXContainerItemProxy */;
		};
/* End PBXTargetDependency section */

/* Begin PBXVariantGroup section */
		FA6F10321C6E5C76002FB5E8 /* Main.storyboard */ = {
			isa = PBXVariantGroup;
			children = (
				FA6F10331C6E5C76002FB5E8 /* Base */,
			);
			name = Main.storyboard;
			sourceTree = "<group>";
		};
		FA6F10371C6E5C76002FB5E8 /* LaunchScreen.storyboard */ = {
			isa = PBXVariantGroup;
			children = (
				FA6F10381C6E5C76002FB5E8 /* Base */,
			);
			name = LaunchScreen.storyboard;
			sourceTree = "<group>";
		};
/* End PBXVariantGroup section */

/* Begin XCBuildConfiguration section */
		8E63FD531AF038A600B2E569 /* Debug */ = {
			isa = XCBuildConfiguration;
			buildSettings = {
				ALWAYS_SEARCH_USER_PATHS = NO;
				CLANG_CXX_LANGUAGE_STANDARD = "gnu++0x";
				CLANG_CXX_LIBRARY = "libc++";
				CLANG_ENABLE_MODULES = YES;
				CLANG_ENABLE_OBJC_ARC = YES;
				CLANG_WARN_BOOL_CONVERSION = YES;
				CLANG_WARN_CONSTANT_CONVERSION = YES;
				CLANG_WARN_DIRECT_OBJC_ISA_USAGE = YES_ERROR;
				CLANG_WARN_EMPTY_BODY = YES;
				CLANG_WARN_ENUM_CONVERSION = YES;
				CLANG_WARN_INT_CONVERSION = YES;
				CLANG_WARN_OBJC_ROOT_CLASS = YES_ERROR;
				CLANG_WARN_UNREACHABLE_CODE = YES;
				CLANG_WARN__DUPLICATE_METHOD_MATCH = YES;
				CODE_SIGNING_REQUIRED = NO;
				COPY_PHASE_STRIP = NO;
				DEBUG_INFORMATION_FORMAT = "dwarf-with-dsym";
				ENABLE_BITCODE = NO;
				ENABLE_STRICT_OBJC_MSGSEND = YES;
				GCC_C_LANGUAGE_STANDARD = gnu99;
				GCC_DYNAMIC_NO_PIC = NO;
				GCC_NO_COMMON_BLOCKS = YES;
				GCC_OPTIMIZATION_LEVEL = 0;
				GCC_PREPROCESSOR_DEFINITIONS = (
					"DEBUG=1",
					"$(inherited)",
				);
				GCC_SYMBOLS_PRIVATE_EXTERN = NO;
				GCC_WARN_64_TO_32_BIT_CONVERSION = YES;
				GCC_WARN_ABOUT_RETURN_TYPE = YES_ERROR;
				GCC_WARN_UNDECLARED_SELECTOR = YES;
				GCC_WARN_UNINITIALIZED_AUTOS = YES_AGGRESSIVE;
				GCC_WARN_UNUSED_FUNCTION = YES;
				GCC_WARN_UNUSED_VARIABLE = YES;
				IPHONEOS_DEPLOYMENT_TARGET = 8.3;
				MTL_ENABLE_DEBUG_INFO = YES;
				ONLY_ACTIVE_ARCH = YES;
				SDKROOT = iphoneos;
				TARGETED_DEVICE_FAMILY = "1,2";
				VERSIONING_SYSTEM = "apple-generic";
				VERSION_INFO_PREFIX = "";
			};
			name = Debug;
		};
		8E63FD541AF038A600B2E569 /* Release */ = {
			isa = XCBuildConfiguration;
			buildSettings = {
				ALWAYS_SEARCH_USER_PATHS = NO;
				CLANG_CXX_LANGUAGE_STANDARD = "gnu++0x";
				CLANG_CXX_LIBRARY = "libc++";
				CLANG_ENABLE_MODULES = YES;
				CLANG_ENABLE_OBJC_ARC = YES;
				CLANG_WARN_BOOL_CONVERSION = YES;
				CLANG_WARN_CONSTANT_CONVERSION = YES;
				CLANG_WARN_DIRECT_OBJC_ISA_USAGE = YES_ERROR;
				CLANG_WARN_EMPTY_BODY = YES;
				CLANG_WARN_ENUM_CONVERSION = YES;
				CLANG_WARN_INT_CONVERSION = YES;
				CLANG_WARN_OBJC_ROOT_CLASS = YES_ERROR;
				CLANG_WARN_UNREACHABLE_CODE = YES;
				CLANG_WARN__DUPLICATE_METHOD_MATCH = YES;
				CODE_SIGNING_REQUIRED = NO;
				COPY_PHASE_STRIP = NO;
				DEBUG_INFORMATION_FORMAT = "dwarf-with-dsym";
				ENABLE_BITCODE = NO;
				ENABLE_NS_ASSERTIONS = NO;
				ENABLE_STRICT_OBJC_MSGSEND = YES;
				GCC_C_LANGUAGE_STANDARD = gnu99;
				GCC_NO_COMMON_BLOCKS = YES;
				GCC_WARN_64_TO_32_BIT_CONVERSION = YES;
				GCC_WARN_ABOUT_RETURN_TYPE = YES_ERROR;
				GCC_WARN_UNDECLARED_SELECTOR = YES;
				GCC_WARN_UNINITIALIZED_AUTOS = YES_AGGRESSIVE;
				GCC_WARN_UNUSED_FUNCTION = YES;
				GCC_WARN_UNUSED_VARIABLE = YES;
				IPHONEOS_DEPLOYMENT_TARGET = 8.3;
				MTL_ENABLE_DEBUG_INFO = NO;
				SDKROOT = iphoneos;
				TARGETED_DEVICE_FAMILY = "1,2";
				VALIDATE_PRODUCT = YES;
				VERSIONING_SYSTEM = "apple-generic";
				VERSION_INFO_PREFIX = "";
			};
			name = Release;
		};
		8E63FD561AF038A600B2E569 /* Debug */ = {
			isa = XCBuildConfiguration;
			buildSettings = {
				DEFINES_MODULE = NO;
				DYLIB_CURRENT_VERSION = "$(CURRENT_PROJECT_VERSION)";
				DYLIB_INSTALL_NAME_BASE = "@rpath";
				EXECUTABLE_PREFIX = "";
				FRAMEWORK_SEARCH_PATHS = (
					"$(inherited)",
					"$(PROJECT_DIR)",
				);
				GCC_PREFIX_HEADER = Source/Prefix.pch;
				INFOPLIST_FILE = "Supporting Files/Info.plist";
				INSTALL_PATH = "$(LOCAL_LIBRARY_DIR)/Frameworks";
				LD_RUNPATH_SEARCH_PATHS = "$(inherited) @executable_path/Frameworks @loader_path/Frameworks";
				PRODUCT_NAME = "Monolith Tweak";
				SKIP_INSTALL = YES;
			};
			name = Debug;
		};
		8E63FD571AF038A600B2E569 /* Release */ = {
			isa = XCBuildConfiguration;
			buildSettings = {
				"ARCHS[sdk=iphoneos*]" = (
					arm64,
					armv7,
				);
				DEFINES_MODULE = NO;
				DYLIB_CURRENT_VERSION = "$(CURRENT_PROJECT_VERSION)";
				DYLIB_INSTALL_NAME_BASE = "@rpath";
				EXECUTABLE_PREFIX = "";
				FRAMEWORK_SEARCH_PATHS = (
					"$(inherited)",
					"$(PROJECT_DIR)",
				);
				GCC_PREFIX_HEADER = Source/Prefix.pch;
				INFOPLIST_FILE = "Supporting Files/Info.plist";
				INSTALL_PATH = "$(LOCAL_LIBRARY_DIR)/Frameworks";
				LD_RUNPATH_SEARCH_PATHS = "$(inherited) @executable_path/Frameworks @loader_path/Frameworks";
				PRODUCT_NAME = "Monolith Tweak";
				SKIP_INSTALL = YES;
				"VALID_ARCHS[sdk=iphoneos*]" = "arm64 armv7 armv7s";
				"VALID_ARCHS[sdk=iphonesimulator*]" = x86_64;
			};
			name = Release;
		};
		FA6F103C1C6E5C76002FB5E8 /* Debug */ = {
			isa = XCBuildConfiguration;
			buildSettings = {
				ASSETCATALOG_COMPILER_APPICON_NAME = AppIcon;
				"CODE_SIGN_IDENTITY[sdk=iphoneos*]" = "iPhone Developer";
				DEBUG_INFORMATION_FORMAT = dwarf;
				ENABLE_TESTABILITY = YES;
				FRAMEWORK_SEARCH_PATHS = (
					"$(inherited)",
					"$(PROJECT_DIR)",
				);
				INFOPLIST_FILE = Target/Info.plist;
				LD_RUNPATH_SEARCH_PATHS = "$(inherited) @executable_path/Frameworks";
				PRODUCT_BUNDLE_IDENTIFIER = com.monolith.Target;
				PRODUCT_NAME = "$(TARGET_NAME)";
			};
			name = Debug;
		};
		FA6F103D1C6E5C76002FB5E8 /* Release */ = {
			isa = XCBuildConfiguration;
			buildSettings = {
				ASSETCATALOG_COMPILER_APPICON_NAME = AppIcon;
				"CODE_SIGN_IDENTITY[sdk=iphoneos*]" = "iPhone Developer";
				FRAMEWORK_SEARCH_PATHS = (
					"$(inherited)",
					"$(PROJECT_DIR)",
				);
				INFOPLIST_FILE = Target/Info.plist;
				LD_RUNPATH_SEARCH_PATHS = "$(inherited) @executable_path/Frameworks";
				PRODUCT_BUNDLE_IDENTIFIER = com.monolith.Target;
				PRODUCT_NAME = "$(TARGET_NAME)";
			};
			name = Release;
		};
		FAD725D11B1D08230032E880 /* Debug */ = {
			isa = XCBuildConfiguration;
			buildSettings = {
				DEBUGGING_SYMBOLS = YES;
				DEBUG_INFORMATION_FORMAT = dwarf;
				GCC_GENERATE_DEBUGGING_SYMBOLS = YES;
				GCC_OPTIMIZATION_LEVEL = 0;
				GCC_PREPROCESSOR_DEFINITIONS = (
					"DEBUG=1",
					"$(inherited)",
				);
				MACOSX_DEPLOYMENT_TARGET = 10.10;
				OTHER_CFLAGS = "";
				OTHER_LDFLAGS = "";
				PRODUCT_NAME = "$(TARGET_NAME)";
				SDKROOT = macosx;
			};
			name = Debug;
		};
		FAD725D21B1D08230032E880 /* Release */ = {
			isa = XCBuildConfiguration;
			buildSettings = {
				MACOSX_DEPLOYMENT_TARGET = 10.10;
				OTHER_CFLAGS = "";
				OTHER_LDFLAGS = "";
				PRODUCT_NAME = "$(TARGET_NAME)";
				SDKROOT = macosx;
			};
			name = Release;
		};
/* End XCBuildConfiguration section */

/* Begin XCConfigurationList section */
		8E63FD391AF038A500B2E569 /* Build configuration list for PBXProject "Monolith Tweak" */ = {
			isa = XCConfigurationList;
			buildConfigurations = (
				8E63FD531AF038A600B2E569 /* Debug */,
				8E63FD541AF038A600B2E569 /* Release */,
			);
			defaultConfigurationIsVisible = 0;
			defaultConfigurationName = Release;
		};
		8E63FD551AF038A600B2E569 /* Build configuration list for PBXNativeTarget "Tweak" */ = {
			isa = XCConfigurationList;
			buildConfigurations = (
				8E63FD561AF038A600B2E569 /* Debug */,
				8E63FD571AF038A600B2E569 /* Release */,
			);
			defaultConfigurationIsVisible = 0;
			defaultConfigurationName = Release;
		};
		FA6F103B1C6E5C76002FB5E8 /* Build configuration list for PBXNativeTarget "Target" */ = {
			isa = XCConfigurationList;
			buildConfigurations = (
				FA6F103C1C6E5C76002FB5E8 /* Debug */,
				FA6F103D1C6E5C76002FB5E8 /* Release */,
			);
			defaultConfigurationIsVisible = 0;
			defaultConfigurationName = Release;
		};
		FAD725D01B1D08230032E880 /* Build configuration list for PBXLegacyTarget "Install Tweak" */ = {
			isa = XCConfigurationList;
			buildConfigurations = (
				FAD725D11B1D08230032E880 /* Debug */,
				FAD725D21B1D08230032E880 /* Release */,
			);
			defaultConfigurationIsVisible = 0;
			defaultConfigurationName = Release;
		};
/* End XCConfigurationList section */
	};
	rootObject = 8E63FD361AF038A500B2E569 /* Project object */;
}
