// !$*UTF8*$!
{
	archiveVersion = 1;
	classes = {
	};
	objectVersion = 46;
	objects = {

/* Begin PBXBuildFile section */
		8EE844851AF0351100521E38 /* main.m in Sources */ = {isa = PBXBuildFile; fileRef = 8EE844841AF0351100521E38 /* main.m */; };
		8EE844881AF0351100521E38 /* AppDelegate.m in Sources */ = {isa = PBXBuildFile; fileRef = 8EE844871AF0351100521E38 /* AppDelegate.m */; };
		8EE8448B1AF0351100521E38 /* ViewController.m in Sources */ = {isa = PBXBuildFile; fileRef = 8EE8448A1AF0351100521E38 /* ViewController.m */; };
		8EE8448E1AF0351100521E38 /* Main.storyboard in Resources */ = {isa = PBXBuildFile; fileRef = 8EE8448C1AF0351100521E38 /* Main.storyboard */; };
		8EE844901AF0351100521E38 /* Images.xcassets in Resources */ = {isa = PBXBuildFile; fileRef = 8EE8448F1AF0351100521E38 /* Images.xcassets */; };
		8EE844931AF0351100521E38 /* LaunchScreen.xib in Resources */ = {isa = PBXBuildFile; fileRef = 8EE844911AF0351100521E38 /* LaunchScreen.xib */; };
		8EE8449F1AF0351100521E38 /* Basic_ExampleTests.m in Sources */ = {isa = PBXBuildFile; fileRef = 8EE8449E1AF0351100521E38 /* Basic_ExampleTests.m */; };
		8EE844AD1AF035A000521E38 /* MBEView.m in Sources */ = {isa = PBXBuildFile; fileRef = 8EE844AC1AF035A000521E38 /* MBEView.m */; };
		FAD725D51B1D0BBF0032E880 /* Monolith.framework in Frameworks */ = {isa = PBXBuildFile; fileRef = FAD725D31B1D0B760032E880 /* Monolith.framework */; };
		FAD725D61B1D0BC00032E880 /* Monolith.framework in Embed Frameworks */ = {isa = PBXBuildFile; fileRef = FAD725D31B1D0B760032E880 /* Monolith.framework */; settings = {ATTRIBUTES = (CodeSignOnCopy, RemoveHeadersOnCopy, ); }; };
/* End PBXBuildFile section */

/* Begin PBXContainerItemProxy section */
		8EE844991AF0351100521E38 /* PBXContainerItemProxy */ = {
			isa = PBXContainerItemProxy;
			containerPortal = 8EE844771AF0351100521E38 /* Project object */;
			proxyType = 1;
			remoteGlobalIDString = 8EE8447E1AF0351100521E38;
			remoteInfo = "Basic Example";
		};
/* End PBXContainerItemProxy section */

/* Begin PBXCopyFilesBuildPhase section */
		8EE844B01AF0373E00521E38 /* Embed Frameworks */ = {
			isa = PBXCopyFilesBuildPhase;
			buildActionMask = 2147483647;
			dstPath = "";
			dstSubfolderSpec = 10;
			files = (
				FAD725D61B1D0BC00032E880 /* Monolith.framework in Embed Frameworks */,
			);
			name = "Embed Frameworks";
			runOnlyForDeploymentPostprocessing = 0;
		};
/* End PBXCopyFilesBuildPhase section */

/* Begin PBXFileReference section */
		8EE8447F1AF0351100521E38 /* Basic Example.app */ = {isa = PBXFileReference; explicitFileType = wrapper.application; includeInIndex = 0; path = "Basic Example.app"; sourceTree = BUILT_PRODUCTS_DIR; };
		8EE844831AF0351100521E38 /* Info.plist */ = {isa = PBXFileReference; lastKnownFileType = text.plist.xml; path = Info.plist; sourceTree = "<group>"; };
		8EE844841AF0351100521E38 /* main.m */ = {isa = PBXFileReference; lastKnownFileType = sourcecode.c.objc; path = main.m; sourceTree = "<group>"; };
		8EE844861AF0351100521E38 /* AppDelegate.h */ = {isa = PBXFileReference; lastKnownFileType = sourcecode.c.h; path = AppDelegate.h; sourceTree = "<group>"; };
		8EE844871AF0351100521E38 /* AppDelegate.m */ = {isa = PBXFileReference; lastKnownFileType = sourcecode.c.objc; path = AppDelegate.m; sourceTree = "<group>"; };
		8EE844891AF0351100521E38 /* ViewController.h */ = {isa = PBXFileReference; lastKnownFileType = sourcecode.c.h; path = ViewController.h; sourceTree = "<group>"; };
		8EE8448A1AF0351100521E38 /* ViewController.m */ = {isa = PBXFileReference; lastKnownFileType = sourcecode.c.objc; path = ViewController.m; sourceTree = "<group>"; };
		8EE8448D1AF0351100521E38 /* Base */ = {isa = PBXFileReference; lastKnownFileType = file.storyboard; name = Base; path = Base.lproj/Main.storyboard; sourceTree = "<group>"; };
		8EE8448F1AF0351100521E38 /* Images.xcassets */ = {isa = PBXFileReference; lastKnownFileType = folder.assetcatalog; path = Images.xcassets; sourceTree = "<group>"; };
		8EE844921AF0351100521E38 /* Base */ = {isa = PBXFileReference; lastKnownFileType = file.xib; name = Base; path = Base.lproj/LaunchScreen.xib; sourceTree = "<group>"; };
		8EE844981AF0351100521E38 /* Basic ExampleTests.xctest */ = {isa = PBXFileReference; explicitFileType = wrapper.cfbundle; includeInIndex = 0; path = "Basic ExampleTests.xctest"; sourceTree = BUILT_PRODUCTS_DIR; };
		8EE8449D1AF0351100521E38 /* Info.plist */ = {isa = PBXFileReference; lastKnownFileType = text.plist.xml; path = Info.plist; sourceTree = "<group>"; };
		8EE8449E1AF0351100521E38 /* Basic_ExampleTests.m */ = {isa = PBXFileReference; lastKnownFileType = sourcecode.c.objc; path = Basic_ExampleTests.m; sourceTree = "<group>"; };
		8EE844AB1AF035A000521E38 /* MBEView.h */ = {isa = PBXFileReference; fileEncoding = 4; lastKnownFileType = sourcecode.c.h; path = MBEView.h; sourceTree = "<group>"; };
		8EE844AC1AF035A000521E38 /* MBEView.m */ = {isa = PBXFileReference; fileEncoding = 4; lastKnownFileType = sourcecode.c.objc; path = MBEView.m; sourceTree = "<group>"; };
		FAD725D31B1D0B760032E880 /* Monolith.framework */ = {isa = PBXFileReference; lastKnownFileType = wrapper.framework; name = Monolith.framework; path = ../../../Monolith.framework; sourceTree = "<group>"; };
/* End PBXFileReference section */

/* Begin PBXFrameworksBuildPhase section */
		8EE8447C1AF0351100521E38 /* Frameworks */ = {
			isa = PBXFrameworksBuildPhase;
			buildActionMask = 2147483647;
			files = (
				FAD725D51B1D0BBF0032E880 /* Monolith.framework in Frameworks */,
			);
			runOnlyForDeploymentPostprocessing = 0;
		};
		8EE844951AF0351100521E38 /* Frameworks */ = {
			isa = PBXFrameworksBuildPhase;
			buildActionMask = 2147483647;
			files = (
			);
			runOnlyForDeploymentPostprocessing = 0;
		};
/* End PBXFrameworksBuildPhase section */

/* Begin PBXGroup section */
		8EE844761AF0351100521E38 = {
			isa = PBXGroup;
			children = (
				FAD725D31B1D0B760032E880 /* Monolith.framework */,
				8EE844811AF0351100521E38 /* Basic Example */,
				8EE8449B1AF0351100521E38 /* Basic ExampleTests */,
				8EE844801AF0351100521E38 /* Products */,
			);
			sourceTree = "<group>";
		};
		8EE844801AF0351100521E38 /* Products */ = {
			isa = PBXGroup;
			children = (
				8EE8447F1AF0351100521E38 /* Basic Example.app */,
				8EE844981AF0351100521E38 /* Basic ExampleTests.xctest */,
			);
			name = Products;
			sourceTree = "<group>";
		};
		8EE844811AF0351100521E38 /* Basic Example */ = {
			isa = PBXGroup;
			children = (
				8EE844AA1AF0353200521E38 /* Hooks */,
				8EE844861AF0351100521E38 /* AppDelegate.h */,
				8EE844871AF0351100521E38 /* AppDelegate.m */,
				8EE844891AF0351100521E38 /* ViewController.h */,
				8EE8448A1AF0351100521E38 /* ViewController.m */,
				8EE8448C1AF0351100521E38 /* Main.storyboard */,
				8EE8448F1AF0351100521E38 /* Images.xcassets */,
				8EE844911AF0351100521E38 /* LaunchScreen.xib */,
				8EE844821AF0351100521E38 /* Supporting Files */,
			);
			path = "Basic Example";
			sourceTree = "<group>";
		};
		8EE844821AF0351100521E38 /* Supporting Files */ = {
			isa = PBXGroup;
			children = (
				8EE844831AF0351100521E38 /* Info.plist */,
				8EE844841AF0351100521E38 /* main.m */,
			);
			name = "Supporting Files";
			sourceTree = "<group>";
		};
		8EE8449B1AF0351100521E38 /* Basic ExampleTests */ = {
			isa = PBXGroup;
			children = (
				8EE8449E1AF0351100521E38 /* Basic_ExampleTests.m */,
				8EE8449C1AF0351100521E38 /* Supporting Files */,
			);
			path = "Basic ExampleTests";
			sourceTree = "<group>";
		};
		8EE8449C1AF0351100521E38 /* Supporting Files */ = {
			isa = PBXGroup;
			children = (
				8EE8449D1AF0351100521E38 /* Info.plist */,
			);
			name = "Supporting Files";
			sourceTree = "<group>";
		};
		8EE844AA1AF0353200521E38 /* Hooks */ = {
			isa = PBXGroup;
			children = (
				8EE844AB1AF035A000521E38 /* MBEView.h */,
				8EE844AC1AF035A000521E38 /* MBEView.m */,
			);
			path = Hooks;
			sourceTree = "<group>";
		};
/* End PBXGroup section */

/* Begin PBXNativeTarget section */
		8EE8447E1AF0351100521E38 /* Basic Example */ = {
			isa = PBXNativeTarget;
			buildConfigurationList = 8EE844A21AF0351100521E38 /* Build configuration list for PBXNativeTarget "Basic Example" */;
			buildPhases = (
				8EE8447B1AF0351100521E38 /* Sources */,
				8EE8447C1AF0351100521E38 /* Frameworks */,
				8EE8447D1AF0351100521E38 /* Resources */,
				8EE844B01AF0373E00521E38 /* Embed Frameworks */,
			);
			buildRules = (
			);
			dependencies = (
			);
			name = "Basic Example";
			productName = "Basic Example";
			productReference = 8EE8447F1AF0351100521E38 /* Basic Example.app */;
			productType = "com.apple.product-type.application";
		};
		8EE844971AF0351100521E38 /* Basic ExampleTests */ = {
			isa = PBXNativeTarget;
			buildConfigurationList = 8EE844A51AF0351100521E38 /* Build configuration list for PBXNativeTarget "Basic ExampleTests" */;
			buildPhases = (
				8EE844941AF0351100521E38 /* Sources */,
				8EE844951AF0351100521E38 /* Frameworks */,
				8EE844961AF0351100521E38 /* Resources */,
			);
			buildRules = (
			);
			dependencies = (
				8EE8449A1AF0351100521E38 /* PBXTargetDependency */,
			);
			name = "Basic ExampleTests";
			productName = "Basic ExampleTests";
			productReference = 8EE844981AF0351100521E38 /* Basic ExampleTests.xctest */;
			productType = "com.apple.product-type.bundle.unit-test";
		};
/* End PBXNativeTarget section */

/* Begin PBXProject section */
		8EE844771AF0351100521E38 /* Project object */ = {
			isa = PBXProject;
			attributes = {
				LastUpgradeCheck = 0630;
				ORGANIZATIONNAME = "John Coates";
				TargetAttributes = {
					8EE8447E1AF0351100521E38 = {
						CreatedOnToolsVersion = 6.3.1;
					};
					8EE844971AF0351100521E38 = {
						CreatedOnToolsVersion = 6.3.1;
						TestTargetID = 8EE8447E1AF0351100521E38;
					};
				};
			};
			buildConfigurationList = 8EE8447A1AF0351100521E38 /* Build configuration list for PBXProject "Basic Example" */;
			compatibilityVersion = "Xcode 3.2";
			developmentRegion = English;
			hasScannedForEncodings = 0;
			knownRegions = (
				en,
				Base,
			);
			mainGroup = 8EE844761AF0351100521E38;
			productRefGroup = 8EE844801AF0351100521E38 /* Products */;
			projectDirPath = "";
			projectRoot = "";
			targets = (
				8EE8447E1AF0351100521E38 /* Basic Example */,
				8EE844971AF0351100521E38 /* Basic ExampleTests */,
			);
		};
/* End PBXProject section */

/* Begin PBXResourcesBuildPhase section */
		8EE8447D1AF0351100521E38 /* Resources */ = {
			isa = PBXResourcesBuildPhase;
			buildActionMask = 2147483647;
			files = (
				8EE8448E1AF0351100521E38 /* Main.storyboard in Resources */,
				8EE844931AF0351100521E38 /* LaunchScreen.xib in Resources */,
				8EE844901AF0351100521E38 /* Images.xcassets in Resources */,
			);
			runOnlyForDeploymentPostprocessing = 0;
		};
		8EE844961AF0351100521E38 /* Resources */ = {
			isa = PBXResourcesBuildPhase;
			buildActionMask = 2147483647;
			files = (
			);
			runOnlyForDeploymentPostprocessing = 0;
		};
/* End PBXResourcesBuildPhase section */

/* Begin PBXSourcesBuildPhase section */
		8EE8447B1AF0351100521E38 /* Sources */ = {
			isa = PBXSourcesBuildPhase;
			buildActionMask = 2147483647;
			files = (
				8EE8448B1AF0351100521E38 /* ViewController.m in Sources */,
				8EE844881AF0351100521E38 /* AppDelegate.m in Sources */,
				8EE844851AF0351100521E38 /* main.m in Sources */,
				8EE844AD1AF035A000521E38 /* MBEView.m in Sources */,
			);
			runOnlyForDeploymentPostprocessing = 0;
		};
		8EE844941AF0351100521E38 /* Sources */ = {
			isa = PBXSourcesBuildPhase;
			buildActionMask = 2147483647;
			files = (
				8EE8449F1AF0351100521E38 /* Basic_ExampleTests.m in Sources */,
			);
			runOnlyForDeploymentPostprocessing = 0;
		};
/* End PBXSourcesBuildPhase section */

/* Begin PBXTargetDependency section */
		8EE8449A1AF0351100521E38 /* PBXTargetDependency */ = {
			isa = PBXTargetDependency;
			target = 8EE8447E1AF0351100521E38 /* Basic Example */;
			targetProxy = 8EE844991AF0351100521E38 /* PBXContainerItemProxy */;
		};
/* End PBXTargetDependency section */

/* Begin PBXVariantGroup section */
		8EE8448C1AF0351100521E38 /* Main.storyboard */ = {
			isa = PBXVariantGroup;
			children = (
				8EE8448D1AF0351100521E38 /* Base */,
			);
			name = Main.storyboard;
			sourceTree = "<group>";
		};
		8EE844911AF0351100521E38 /* LaunchScreen.xib */ = {
			isa = PBXVariantGroup;
			children = (
				8EE844921AF0351100521E38 /* Base */,
			);
			name = LaunchScreen.xib;
			sourceTree = "<group>";
		};
/* End PBXVariantGroup section */

/* Begin XCBuildConfiguration section */
		8EE844A01AF0351100521E38 /* Debug */ = {
			isa = XCBuildConfiguration;
			buildSettings = {
				ALWAYS_SEARCH_USER_PATHS = NO;
				CLANG_CXX_LANGUAGE_STANDARD = "gnu++0x";
				CLANG_CXX_LIBRARY = "libc++";
				CLANG_ENABLE_MODULES = YES;
				CLANG_ENABLE_OBJC_ARC = YES;
				CLANG_WARN_BOOL_CONVERSION = YES;
				CLANG_WARN_CONSTANT_CONVERSION = YES;
				CLANG_WARN_DIRECT_OBJC_ISA_USAGE = YES_ERROR;
				CLANG_WARN_EMPTY_BODY = YES;
				CLANG_WARN_ENUM_CONVERSION = YES;
				CLANG_WARN_INT_CONVERSION = YES;
				CLANG_WARN_OBJC_ROOT_CLASS = YES_ERROR;
				CLANG_WARN_UNREACHABLE_CODE = YES;
				CLANG_WARN__DUPLICATE_METHOD_MATCH = YES;
				CODE_SIGNING_ALLOWED = NO;
				CODE_SIGNING_REQUIRED = NO;
				COPY_PHASE_STRIP = NO;
				DEBUG_INFORMATION_FORMAT = "dwarf-with-dsym";
				ENABLE_BITCODE = NO;
				ENABLE_STRICT_OBJC_MSGSEND = YES;
				GCC_C_LANGUAGE_STANDARD = gnu99;
				GCC_DYNAMIC_NO_PIC = NO;
				GCC_NO_COMMON_BLOCKS = YES;
				GCC_OPTIMIZATION_LEVEL = 0;
				GCC_PREPROCESSOR_DEFINITIONS = (
					"DEBUG=1",
					"$(inherited)",
				);
				GCC_SYMBOLS_PRIVATE_EXTERN = NO;
				GCC_WARN_64_TO_32_BIT_CONVERSION = YES;
				GCC_WARN_ABOUT_RETURN_TYPE = YES_ERROR;
				GCC_WARN_UNDECLARED_SELECTOR = YES;
				GCC_WARN_UNINITIALIZED_AUTOS = YES_AGGRESSIVE;
				GCC_WARN_UNUSED_FUNCTION = YES;
				GCC_WARN_UNUSED_VARIABLE = YES;
				IPHONEOS_DEPLOYMENT_TARGET = 8.3;
				MTL_ENABLE_DEBUG_INFO = YES;
				ONLY_ACTIVE_ARCH = YES;
				SDKROOT = iphoneos;
				TARGETED_DEVICE_FAMILY = "1,2";
			};
			name = Debug;
		};
		8EE844A11AF0351100521E38 /* Release */ = {
			isa = XCBuildConfiguration;
			buildSettings = {
				ALWAYS_SEARCH_USER_PATHS = NO;
				CLANG_CXX_LANGUAGE_STANDARD = "gnu++0x";
				CLANG_CXX_LIBRARY = "libc++";
				CLANG_ENABLE_MODULES = YES;
				CLANG_ENABLE_OBJC_ARC = YES;
				CLANG_WARN_BOOL_CONVERSION = YES;
				CLANG_WARN_CONSTANT_CONVERSION = YES;
				CLANG_WARN_DIRECT_OBJC_ISA_USAGE = YES_ERROR;
				CLANG_WARN_EMPTY_BODY = YES;
				CLANG_WARN_ENUM_CONVERSION = YES;
				CLANG_WARN_INT_CONVERSION = YES;
				CLANG_WARN_OBJC_ROOT_CLASS = YES_ERROR;
				CLANG_WARN_UNREACHABLE_CODE = YES;
				CLANG_WARN__DUPLICATE_METHOD_MATCH = YES;
				CODE_SIGNING_ALLOWED = NO;
				CODE_SIGNING_REQUIRED = NO;
				COPY_PHASE_STRIP = NO;
				DEBUG_INFORMATION_FORMAT = "dwarf-with-dsym";
				ENABLE_BITCODE = NO;
				ENABLE_NS_ASSERTIONS = NO;
				ENABLE_STRICT_OBJC_MSGSEND = YES;
				GCC_C_LANGUAGE_STANDARD = gnu99;
				GCC_NO_COMMON_BLOCKS = YES;
				GCC_WARN_64_TO_32_BIT_CONVERSION = YES;
				GCC_WARN_ABOUT_RETURN_TYPE = YES_ERROR;
				GCC_WARN_UNDECLARED_SELECTOR = YES;
				GCC_WARN_UNINITIALIZED_AUTOS = YES_AGGRESSIVE;
				GCC_WARN_UNUSED_FUNCTION = YES;
				GCC_WARN_UNUSED_VARIABLE = YES;
				IPHONEOS_DEPLOYMENT_TARGET = 8.3;
				MTL_ENABLE_DEBUG_INFO = NO;
				SDKROOT = iphoneos;
				TARGETED_DEVICE_FAMILY = "1,2";
				VALIDATE_PRODUCT = YES;
			};
			name = Release;
		};
		8EE844A31AF0351100521E38 /* Debug */ = {
			isa = XCBuildConfiguration;
			buildSettings = {
				ASSETCATALOG_COMPILER_APPICON_NAME = AppIcon;
				FRAMEWORK_SEARCH_PATHS = (
					../../../,
					"$(inherited)",
					/Users/macbook/Dev/Projects/Monolith,
				);
				INFOPLIST_FILE = "Basic Example/Info.plist";
				IPHONEOS_DEPLOYMENT_TARGET = 8.0;
				LD_RUNPATH_SEARCH_PATHS = "$(inherited) @executable_path/Frameworks";
				PRODUCT_NAME = "$(TARGET_NAME)";
			};
			name = Debug;
		};
		8EE844A41AF0351100521E38 /* Release */ = {
			isa = XCBuildConfiguration;
			buildSettings = {
				ASSETCATALOG_COMPILER_APPICON_NAME = AppIcon;
				FRAMEWORK_SEARCH_PATHS = (
					../../../,
					"$(inherited)",
					/Users/macbook/Dev/Projects/Monolith,
				);
				INFOPLIST_FILE = "Basic Example/Info.plist";
				IPHONEOS_DEPLOYMENT_TARGET = 8.0;
				LD_RUNPATH_SEARCH_PATHS = "$(inherited) @executable_path/Frameworks";
				PRODUCT_NAME = "$(TARGET_NAME)";
			};
			name = Release;
		};
		8EE844A61AF0351100521E38 /* Debug */ = {
			isa = XCBuildConfiguration;
			buildSettings = {
				BUNDLE_LOADER = "$(TEST_HOST)";
				FRAMEWORK_SEARCH_PATHS = (
					"$(SDKROOT)/Developer/Library/Frameworks",
					"$(inherited)",
				);
				GCC_PREPROCESSOR_DEFINITIONS = (
					"DEBUG=1",
					"$(inherited)",
				);
				INFOPLIST_FILE = "Basic ExampleTests/Info.plist";
				LD_RUNPATH_SEARCH_PATHS = "$(inherited) @executable_path/Frameworks @loader_path/Frameworks";
				PRODUCT_NAME = "$(TARGET_NAME)";
				TEST_HOST = "$(BUILT_PRODUCTS_DIR)/Basic Example.app/Basic Example";
			};
			name = Debug;
		};
		8EE844A71AF0351100521E38 /* Release */ = {
			isa = XCBuildConfiguration;
			buildSettings = {
				BUNDLE_LOADER = "$(TEST_HOST)";
				FRAMEWORK_SEARCH_PATHS = (
					"$(SDKROOT)/Developer/Library/Frameworks",
					"$(inherited)",
				);
				INFOPLIST_FILE = "Basic ExampleTests/Info.plist";
				LD_RUNPATH_SEARCH_PATHS = "$(inherited) @executable_path/Frameworks @loader_path/Frameworks";
				PRODUCT_NAME = "$(TARGET_NAME)";
				TEST_HOST = "$(BUILT_PRODUCTS_DIR)/Basic Example.app/Basic Example";
			};
			name = Release;
		};
/* End XCBuildConfiguration section */

/* Begin XCConfigurationList section */
		8EE8447A1AF0351100521E38 /* Build configuration list for PBXProject "Basic Example" */ = {
			isa = XCConfigurationList;
			buildConfigurations = (
				8EE844A01AF0351100521E38 /* Debug */,
				8EE844A11AF0351100521E38 /* Release */,
			);
			defaultConfigurationIsVisible = 0;
			defaultConfigurationName = Release;
		};
		8EE844A21AF0351100521E38 /* Build configuration list for PBXNativeTarget "Basic Example" */ = {
			isa = XCConfigurationList;
			buildConfigurations = (
				8EE844A31AF0351100521E38 /* Debug */,
				8EE844A41AF0351100521E38 /* Release */,
			);
			defaultConfigurationIsVisible = 0;
			defaultConfigurationName = Release;
		};
		8EE844A51AF0351100521E38 /* Build configuration list for PBXNativeTarget "Basic ExampleTests" */ = {
			isa = XCConfigurationList;
			buildConfigurations = (
				8EE844A61AF0351100521E38 /* Debug */,
				8EE844A71AF0351100521E38 /* Release */,
			);
			defaultConfigurationIsVisible = 0;
			defaultConfigurationName = Release;
		};
/* End XCConfigurationList section */
	};
	rootObject = 8EE844771AF0351100521E38 /* Project object */;
}
